
Microsoft Visual Studio Solution File, Format Version 12.00
# Visual Studio 15
VisualStudioVersion = 15.0.26430.13
MinimumVisualStudioVersion = 10.0.40219.1
Project("{2150E333-8FDC-42A3-9474-1A3956D46DE8}") = "test", "test", "{192D469E-564C-4B78-99A9-944E350D4E55}"
EndProject
Project("{2150E333-8FDC-42A3-9474-1A3956D46DE8}") = "src", "src", "{1FB8DD68-16CA-42B8-978C-302511F95753}"
EndProject
Project("{9A19103F-16F7-4668-BE54-9A1E7A4F7556}") = "DataMiner.Net", "src\DataMiner.Net\DataMiner.Net.csproj", "{869E53B9-74A9-42AB-BDA7-6F742AE3362D}"
EndProject
Project("{9A19103F-16F7-4668-BE54-9A1E7A4F7556}") = "DataMiner.Net.Tests", "test\DataMiner.Net.Tests\DataMiner.Net.Tests.csproj", "{99D6DF5B-F43C-468C-B393-16184BBDBABB}"
EndProject
Global
	GlobalSection(SolutionConfigurationPlatforms) = preSolution
		Debug|Any CPU = Debug|Any CPU
		Release|Any CPU = Release|Any CPU
	EndGlobalSection
	GlobalSection(ProjectConfigurationPlatforms) = postSolution
		{869E53B9-74A9-42AB-BDA7-6F742AE3362D}.Debug|Any CPU.ActiveCfg = Debug|Any CPU
		{869E53B9-74A9-42AB-BDA7-6F742AE3362D}.Debug|Any CPU.Build.0 = Debug|Any CPU
		{869E53B9-74A9-42AB-BDA7-6F742AE3362D}.Release|Any CPU.ActiveCfg = Release|Any CPU
		{869E53B9-74A9-42AB-BDA7-6F742AE3362D}.Release|Any CPU.Build.0 = Release|Any CPU
		{99D6DF5B-F43C-468C-B393-16184BBDBABB}.Debug|Any CPU.ActiveCfg = Debug|Any CPU
		{99D6DF5B-F43C-468C-B393-16184BBDBABB}.Debug|Any CPU.Build.0 = Debug|Any CPU
		{99D6DF5B-F43C-468C-B393-16184BBDBABB}.Release|Any CPU.ActiveCfg = Release|Any CPU
		{99D6DF5B-F43C-468C-B393-16184BBDBABB}.Release|Any CPU.Build.0 = Release|Any CPU
	EndGlobalSection
	GlobalSection(SolutionProperties) = preSolution
		HideSolutionNode = FALSE
	EndGlobalSection
	GlobalSection(NestedProjects) = preSolution
		{869E53B9-74A9-42AB-BDA7-6F742AE3362D} = {1FB8DD68-16CA-42B8-978C-302511F95753}
		{99D6DF5B-F43C-468C-B393-16184BBDBABB} = {192D469E-564C-4B78-99A9-944E350D4E55}
	EndGlobalSection
EndGlobal
