
Microsoft Visual Studio Solution File, Format Version 12.00
# Visual Studio 15
VisualStudioVersion = 15.0.26014.0
MinimumVisualStudioVersion = 10.0.40219.1
Project("{FAE04EC0-301F-11D3-BF4B-00C04F79EFBC}") = "GitDataMiningTool", "src\GitDataMiningTool\GitDataMiningTool.csproj", "{C22696FF-FE46-4C35-84A7-8718AB38AAC7}"
EndProject
Project("{2150E333-8FDC-42A3-9474-1A3956D46DE8}") = "test", "test", "{192D469E-564C-4B78-99A9-944E350D4E55}"
EndProject
Project("{FAE04EC0-301F-11D3-BF4B-00C04F79EFBC}") = "GitDataMiningTool.Tests", "test\GitDataMiningTool.Tests\GitDataMiningTool.Tests.csproj", "{D0EBF9C8-97D2-461E-86E5-34C770242DE9}"
EndProject
Project("{2150E333-8FDC-42A3-9474-1A3956D46DE8}") = "src", "src", "{1FB8DD68-16CA-42B8-978C-302511F95753}"
EndProject
Global
	GlobalSection(SolutionConfigurationPlatforms) = preSolution
		Debug|Any CPU = Debug|Any CPU
		Debug|x64 = Debug|x64
		Debug|x86 = Debug|x86
		Release|Any CPU = Release|Any CPU
		Release|x64 = Release|x64
		Release|x86 = Release|x86
	EndGlobalSection
	GlobalSection(ProjectConfigurationPlatforms) = postSolution
		{C22696FF-FE46-4C35-84A7-8718AB38AAC7}.Debug|Any CPU.ActiveCfg = Debug|Any CPU
		{C22696FF-FE46-4C35-84A7-8718AB38AAC7}.Debug|Any CPU.Build.0 = Debug|Any CPU
		{C22696FF-FE46-4C35-84A7-8718AB38AAC7}.Debug|x64.ActiveCfg = Debug|x64
		{C22696FF-FE46-4C35-84A7-8718AB38AAC7}.Debug|x64.Build.0 = Debug|x64
		{C22696FF-FE46-4C35-84A7-8718AB38AAC7}.Debug|x86.ActiveCfg = Debug|x86
		{C22696FF-FE46-4C35-84A7-8718AB38AAC7}.Debug|x86.Build.0 = Debug|x86
		{C22696FF-FE46-4C35-84A7-8718AB38AAC7}.Release|Any CPU.ActiveCfg = Release|Any CPU
		{C22696FF-FE46-4C35-84A7-8718AB38AAC7}.Release|Any CPU.Build.0 = Release|Any CPU
		{C22696FF-FE46-4C35-84A7-8718AB38AAC7}.Release|x64.ActiveCfg = Release|x64
		{C22696FF-FE46-4C35-84A7-8718AB38AAC7}.Release|x64.Build.0 = Release|x64
		{C22696FF-FE46-4C35-84A7-8718AB38AAC7}.Release|x86.ActiveCfg = Release|x86
		{C22696FF-FE46-4C35-84A7-8718AB38AAC7}.Release|x86.Build.0 = Release|x86
		{D0EBF9C8-97D2-461E-86E5-34C770242DE9}.Debug|Any CPU.ActiveCfg = Debug|Any CPU
		{D0EBF9C8-97D2-461E-86E5-34C770242DE9}.Debug|Any CPU.Build.0 = Debug|Any CPU
		{D0EBF9C8-97D2-461E-86E5-34C770242DE9}.Debug|x64.ActiveCfg = Debug|x64
		{D0EBF9C8-97D2-461E-86E5-34C770242DE9}.Debug|x64.Build.0 = Debug|x64
		{D0EBF9C8-97D2-461E-86E5-34C770242DE9}.Debug|x86.ActiveCfg = Debug|x86
		{D0EBF9C8-97D2-461E-86E5-34C770242DE9}.Debug|x86.Build.0 = Debug|x86
		{D0EBF9C8-97D2-461E-86E5-34C770242DE9}.Release|Any CPU.ActiveCfg = Release|Any CPU
		{D0EBF9C8-97D2-461E-86E5-34C770242DE9}.Release|Any CPU.Build.0 = Release|Any CPU
		{D0EBF9C8-97D2-461E-86E5-34C770242DE9}.Release|x64.ActiveCfg = Release|x64
		{D0EBF9C8-97D2-461E-86E5-34C770242DE9}.Release|x64.Build.0 = Release|x64
		{D0EBF9C8-97D2-461E-86E5-34C770242DE9}.Release|x86.ActiveCfg = Release|x86
		{D0EBF9C8-97D2-461E-86E5-34C770242DE9}.Release|x86.Build.0 = Release|x86
	EndGlobalSection
	GlobalSection(SolutionProperties) = preSolution
		HideSolutionNode = FALSE
	EndGlobalSection
	GlobalSection(NestedProjects) = preSolution
		{C22696FF-FE46-4C35-84A7-8718AB38AAC7} = {1FB8DD68-16CA-42B8-978C-302511F95753}
		{D0EBF9C8-97D2-461E-86E5-34C770242DE9} = {192D469E-564C-4B78-99A9-944E350D4E55}
	EndGlobalSection
EndGlobal
